// !$*UTF8*$!
{
	archiveVersion = 1;
	classes = {
	};
	objectVersion = 46;
	objects = {

/* Begin PBXBuildFile section */
		5A0A7EEB19AE10E800B752FD /* CoreLocation.framework in Frameworks */ = {isa = PBXBuildFile; fileRef = 5A0A7EEA19AE10E800B752FD /* CoreLocation.framework */; };
		5A0A7EED19AE12A200B752FD /* locations.plist in Resources */ = {isa = PBXBuildFile; fileRef = 5A0A7EEC19AE12A200B752FD /* locations.plist */; };
		5A0A7EEF19AE12A800B752FD /* regions.plist in Resources */ = {isa = PBXBuildFile; fileRef = 5A0A7EEE19AE12A800B752FD /* regions.plist */; };
		5A0A7EF119AE14E600B752FD /* AudioToolbox.framework in Frameworks */ = {isa = PBXBuildFile; fileRef = 5A0A7EF019AE14E600B752FD /* AudioToolbox.framework */; };
		5A0A7EF419AE15B300B752FD /* CustomAnnotation.swift in Sources */ = {isa = PBXBuildFile; fileRef = 5A0A7EF319AE15B300B752FD /* CustomAnnotation.swift */; };
		5A6C26BB19AE02AA0028BEA7 /* AppDelegate.swift in Sources */ = {isa = PBXBuildFile; fileRef = 5A6C26BA19AE02AA0028BEA7 /* AppDelegate.swift */; };
		5A6C26C019AE02AA0028BEA7 /* ViewController.swift in Sources */ = {isa = PBXBuildFile; fileRef = 5A6C26BF19AE02AA0028BEA7 /* ViewController.swift */; };
		5A6C26C319AE02AA0028BEA7 /* Main.storyboard in Resources */ = {isa = PBXBuildFile; fileRef = 5A6C26C119AE02AA0028BEA7 /* Main.storyboard */; };
		5A6C26C519AE02AA0028BEA7 /* Images.xcassets in Resources */ = {isa = PBXBuildFile; fileRef = 5A6C26C419AE02AA0028BEA7 /* Images.xcassets */; };
		5A6C26D119AE02AA0028BEA7 /* ColdHawaiiTests.swift in Sources */ = {isa = PBXBuildFile; fileRef = 5A6C26D019AE02AA0028BEA7 /* ColdHawaiiTests.swift */; };
		5A6C26DB19AE02CD0028BEA7 /* MapKit.framework in Frameworks */ = {isa = PBXBuildFile; fileRef = 5A6C26DA19AE02CD0028BEA7 /* MapKit.framework */; };
/* End PBXBuildFile section */

/* Begin PBXContainerItemProxy section */
		5A6C26CB19AE02AA0028BEA7 /* PBXContainerItemProxy */ = {
			isa = PBXContainerItemProxy;
			containerPortal = 5A6C26AD19AE02AA0028BEA7 /* Project object */;
			proxyType = 1;
			remoteGlobalIDString = 5A6C26B419AE02AA0028BEA7;
			remoteInfo = ColdHawaii;
		};
/* End PBXContainerItemProxy section */

/* Begin PBXFileReference section */
		5A0A7EEA19AE10E800B752FD /* CoreLocation.framework */ = {isa = PBXFileReference; lastKnownFileType = wrapper.framework; name = CoreLocation.framework; path = System/Library/Frameworks/CoreLocation.framework; sourceTree = SDKROOT; };
		5A0A7EEC19AE12A200B752FD /* locations.plist */ = {isa = PBXFileReference; fileEncoding = 4; lastKnownFileType = text.plist.xml; name = locations.plist; path = ../../Pinbak24/Pinbak24/locations.plist; sourceTree = "<group>"; };
		5A0A7EEE19AE12A800B752FD /* regions.plist */ = {isa = PBXFileReference; fileEncoding = 4; lastKnownFileType = text.plist.xml; name = regions.plist; path = ../../Pinbak24/regions.plist; sourceTree = "<group>"; };
		5A0A7EF019AE14E600B752FD /* AudioToolbox.framework */ = {isa = PBXFileReference; lastKnownFileType = wrapper.framework; name = AudioToolbox.framework; path = System/Library/Frameworks/AudioToolbox.framework; sourceTree = SDKROOT; };
		5A0A7EF219AE153A00B752FD /* ColdHawaii.entitlements */ = {isa = PBXFileReference; lastKnownFileType = text.xml; path = ColdHawaii.entitlements; sourceTree = "<group>"; };
		5A0A7EF319AE15B300B752FD /* CustomAnnotation.swift */ = {isa = PBXFileReference; fileEncoding = 4; lastKnownFileType = sourcecode.swift; path = CustomAnnotation.swift; sourceTree = SOURCE_ROOT; };
		5A6C26B519AE02AA0028BEA7 /* ColdHawaii.app */ = {isa = PBXFileReference; explicitFileType = wrapper.application; includeInIndex = 0; path = ColdHawaii.app; sourceTree = BUILT_PRODUCTS_DIR; };
		5A6C26B919AE02AA0028BEA7 /* Info.plist */ = {isa = PBXFileReference; lastKnownFileType = text.plist.xml; path = Info.plist; sourceTree = "<group>"; };
		5A6C26BA19AE02AA0028BEA7 /* AppDelegate.swift */ = {isa = PBXFileReference; lastKnownFileType = sourcecode.swift; path = AppDelegate.swift; sourceTree = "<group>"; };
		5A6C26BD19AE02AA0028BEA7 /* ColdHawaii.xcdatamodel */ = {isa = PBXFileReference; lastKnownFileType = wrapper.xcdatamodel; path = ColdHawaii.xcdatamodel; sourceTree = "<group>"; };
		5A6C26BF19AE02AA0028BEA7 /* ViewController.swift */ = {isa = PBXFileReference; lastKnownFileType = sourcecode.swift; path = ViewController.swift; sourceTree = "<group>"; };
		5A6C26C219AE02AA0028BEA7 /* Base */ = {isa = PBXFileReference; lastKnownFileType = file.storyboard; name = Base; path = Base.lproj/Main.storyboard; sourceTree = "<group>"; };
		5A6C26C419AE02AA0028BEA7 /* Images.xcassets */ = {isa = PBXFileReference; lastKnownFileType = folder.assetcatalog; path = Images.xcassets; sourceTree = "<group>"; };
		5A6C26CA19AE02AA0028BEA7 /* ColdHawaiiTests.xctest */ = {isa = PBXFileReference; explicitFileType = wrapper.cfbundle; includeInIndex = 0; path = ColdHawaiiTests.xctest; sourceTree = BUILT_PRODUCTS_DIR; };
		5A6C26CF19AE02AA0028BEA7 /* Info.plist */ = {isa = PBXFileReference; lastKnownFileType = text.plist.xml; path = Info.plist; sourceTree = "<group>"; };
		5A6C26D019AE02AA0028BEA7 /* ColdHawaiiTests.swift */ = {isa = PBXFileReference; lastKnownFileType = sourcecode.swift; path = ColdHawaiiTests.swift; sourceTree = "<group>"; };
		5A6C26DA19AE02CD0028BEA7 /* MapKit.framework */ = {isa = PBXFileReference; lastKnownFileType = wrapper.framework; name = MapKit.framework; path = System/Library/Frameworks/MapKit.framework; sourceTree = SDKROOT; };
/* End PBXFileReference section */

/* Begin PBXFrameworksBuildPhase section */
		5A6C26B219AE02AA0028BEA7 /* Frameworks */ = {
			isa = PBXFrameworksBuildPhase;
			buildActionMask = 2147483647;
			files = (
				5A0A7EF119AE14E600B752FD /* AudioToolbox.framework in Frameworks */,
				5A0A7EEB19AE10E800B752FD /* CoreLocation.framework in Frameworks */,
				5A6C26DB19AE02CD0028BEA7 /* MapKit.framework in Frameworks */,
			);
			runOnlyForDeploymentPostprocessing = 0;
		};
		5A6C26C719AE02AA0028BEA7 /* Frameworks */ = {
			isa = PBXFrameworksBuildPhase;
			buildActionMask = 2147483647;
			files = (
			);
			runOnlyForDeploymentPostprocessing = 0;
		};
/* End PBXFrameworksBuildPhase section */

/* Begin PBXGroup section */
		5A0A7EE519AE0F0300B752FD /* Controller */ = {
			isa = PBXGroup;
			children = (
				5A6C26BF19AE02AA0028BEA7 /* ViewController.swift */,
			);
			name = Controller;
			sourceTree = "<group>";
		};
		5A0A7EE619AE0F1800B752FD /* View */ = {
			isa = PBXGroup;
			children = (
				5A6C26C119AE02AA0028BEA7 /* Main.storyboard */,
			);
			name = View;
			sourceTree = "<group>";
		};
		5A0A7EE719AE0F4000B752FD /* Model */ = {
			isa = PBXGroup;
			children = (
				5A0A7EF319AE15B300B752FD /* CustomAnnotation.swift */,
			);
			name = Model;
			sourceTree = "<group>";
		};
		5A6C26AC19AE02AA0028BEA7 = {
			isa = PBXGroup;
			children = (
				5A0A7EF019AE14E600B752FD /* AudioToolbox.framework */,
				5A0A7EEA19AE10E800B752FD /* CoreLocation.framework */,
				5A6C26DA19AE02CD0028BEA7 /* MapKit.framework */,
				5A6C26B719AE02AA0028BEA7 /* ColdHawaii */,
				5A6C26CD19AE02AA0028BEA7 /* ColdHawaiiTests */,
				5A6C26B619AE02AA0028BEA7 /* Products */,
			);
			sourceTree = "<group>";
		};
		5A6C26B619AE02AA0028BEA7 /* Products */ = {
			isa = PBXGroup;
			children = (
				5A6C26B519AE02AA0028BEA7 /* ColdHawaii.app */,
				5A6C26CA19AE02AA0028BEA7 /* ColdHawaiiTests.xctest */,
			);
			name = Products;
			sourceTree = "<group>";
		};
		5A6C26B719AE02AA0028BEA7 /* ColdHawaii */ = {
			isa = PBXGroup;
			children = (
				5A0A7EF219AE153A00B752FD /* ColdHawaii.entitlements */,
				5A0A7EE519AE0F0300B752FD /* Controller */,
				5A0A7EE619AE0F1800B752FD /* View */,
				5A0A7EE719AE0F4000B752FD /* Model */,
				5A6C26BA19AE02AA0028BEA7 /* AppDelegate.swift */,
				5A0A7EEC19AE12A200B752FD /* locations.plist */,
				5A0A7EEE19AE12A800B752FD /* regions.plist */,
				5A6C26C419AE02AA0028BEA7 /* Images.xcassets */,
				5A6C26BC19AE02AA0028BEA7 /* ColdHawaii.xcdatamodeld */,
				5A6C26B819AE02AA0028BEA7 /* Supporting Files */,
			);
			path = ColdHawaii;
			sourceTree = "<group>";
		};
		5A6C26B819AE02AA0028BEA7 /* Supporting Files */ = {
			isa = PBXGroup;
			children = (
				5A6C26B919AE02AA0028BEA7 /* Info.plist */,
			);
			name = "Supporting Files";
			sourceTree = "<group>";
		};
		5A6C26CD19AE02AA0028BEA7 /* ColdHawaiiTests */ = {
			isa = PBXGroup;
			children = (
				5A6C26D019AE02AA0028BEA7 /* ColdHawaiiTests.swift */,
				5A6C26CE19AE02AA0028BEA7 /* Supporting Files */,
			);
			path = ColdHawaiiTests;
			sourceTree = "<group>";
		};
		5A6C26CE19AE02AA0028BEA7 /* Supporting Files */ = {
			isa = PBXGroup;
			children = (
				5A6C26CF19AE02AA0028BEA7 /* Info.plist */,
			);
			name = "Supporting Files";
			sourceTree = "<group>";
		};
/* End PBXGroup section */

/* Begin PBXNativeTarget section */
		5A6C26B419AE02AA0028BEA7 /* ColdHawaii */ = {
			isa = PBXNativeTarget;
			buildConfigurationList = 5A6C26D419AE02AA0028BEA7 /* Build configuration list for PBXNativeTarget "ColdHawaii" */;
			buildPhases = (
				5A6C26B119AE02AA0028BEA7 /* Sources */,
				5A6C26B219AE02AA0028BEA7 /* Frameworks */,
				5A6C26B319AE02AA0028BEA7 /* Resources */,
			);
			buildRules = (
			);
			dependencies = (
			);
			name = ColdHawaii;
			productName = ColdHawaii;
			productReference = 5A6C26B519AE02AA0028BEA7 /* ColdHawaii.app */;
			productType = "com.apple.product-type.application";
		};
		5A6C26C919AE02AA0028BEA7 /* ColdHawaiiTests */ = {
			isa = PBXNativeTarget;
			buildConfigurationList = 5A6C26D719AE02AA0028BEA7 /* Build configuration list for PBXNativeTarget "ColdHawaiiTests" */;
			buildPhases = (
				5A6C26C619AE02AA0028BEA7 /* Sources */,
				5A6C26C719AE02AA0028BEA7 /* Frameworks */,
				5A6C26C819AE02AA0028BEA7 /* Resources */,
			);
			buildRules = (
			);
			dependencies = (
				5A6C26CC19AE02AA0028BEA7 /* PBXTargetDependency */,
			);
			name = ColdHawaiiTests;
			productName = ColdHawaiiTests;
			productReference = 5A6C26CA19AE02AA0028BEA7 /* ColdHawaiiTests.xctest */;
			productType = "com.apple.product-type.bundle.unit-test";
		};
/* End PBXNativeTarget section */

/* Begin PBXProject section */
		5A6C26AD19AE02AA0028BEA7 /* Project object */ = {
			isa = PBXProject;
			attributes = {
				LastUpgradeCheck = 0600;
				ORGANIZATIONNAME = "Morten Brodersen Jensen";
				TargetAttributes = {
					5A6C26B419AE02AA0028BEA7 = {
						CreatedOnToolsVersion = 6.0;
						DevelopmentTeam = V28J7M9Q4N;
						SystemCapabilities = {
							com.apple.InAppPurchase = {
								enabled = 0;
							};
							com.apple.InterAppAudio = {
								enabled = 1;
							};
							com.apple.Maps.iOS = {
								enabled = 1;
							};
						};
					};
					5A6C26C919AE02AA0028BEA7 = {
						CreatedOnToolsVersion = 6.0;
						TestTargetID = 5A6C26B419AE02AA0028BEA7;
					};
				};
			};
			buildConfigurationList = 5A6C26B019AE02AA0028BEA7 /* Build configuration list for PBXProject "ColdHawaii" */;
			compatibilityVersion = "Xcode 3.2";
			developmentRegion = English;
			hasScannedForEncodings = 0;
			knownRegions = (
				en,
				Base,
			);
			mainGroup = 5A6C26AC19AE02AA0028BEA7;
			productRefGroup = 5A6C26B619AE02AA0028BEA7 /* Products */;
			projectDirPath = "";
			projectRoot = "";
			targets = (
				5A6C26B419AE02AA0028BEA7 /* ColdHawaii */,
				5A6C26C919AE02AA0028BEA7 /* ColdHawaiiTests */,
			);
		};
/* End PBXProject section */

/* Begin PBXResourcesBuildPhase section */
		5A6C26B319AE02AA0028BEA7 /* Resources */ = {
			isa = PBXResourcesBuildPhase;
			buildActionMask = 2147483647;
			files = (
				5A6C26C319AE02AA0028BEA7 /* Main.storyboard in Resources */,
				5A0A7EED19AE12A200B752FD /* locations.plist in Resources */,
				5A0A7EEF19AE12A800B752FD /* regions.plist in Resources */,
				5A6C26C519AE02AA0028BEA7 /* Images.xcassets in Resources */,
			);
			runOnlyForDeploymentPostprocessing = 0;
		};
		5A6C26C819AE02AA0028BEA7 /* Resources */ = {
			isa = PBXResourcesBuildPhase;
			buildActionMask = 2147483647;
			files = (
			);
			runOnlyForDeploymentPostprocessing = 0;
		};
/* End PBXResourcesBuildPhase section */

/* Begin PBXSourcesBuildPhase section */
		5A6C26B119AE02AA0028BEA7 /* Sources */ = {
			isa = PBXSourcesBuildPhase;
			buildActionMask = 2147483647;
			files = (
				5A6C26C019AE02AA0028BEA7 /* ViewController.swift in Sources */,
				5A6C26BB19AE02AA0028BEA7 /* AppDelegate.swift in Sources */,
				5A0A7EF419AE15B300B752FD /* CustomAnnotation.swift in Sources */,
			);
			runOnlyForDeploymentPostprocessing = 0;
		};
		5A6C26C619AE02AA0028BEA7 /* Sources */ = {
			isa = PBXSourcesBuildPhase;
			buildActionMask = 2147483647;
			files = (
				5A6C26D119AE02AA0028BEA7 /* ColdHawaiiTests.swift in Sources */,
			);
			runOnlyForDeploymentPostprocessing = 0;
		};
/* End PBXSourcesBuildPhase section */

/* Begin PBXTargetDependency section */
		5A6C26CC19AE02AA0028BEA7 /* PBXTargetDependency */ = {
			isa = PBXTargetDependency;
			target = 5A6C26B419AE02AA0028BEA7 /* ColdHawaii */;
			targetProxy = 5A6C26CB19AE02AA0028BEA7 /* PBXContainerItemProxy */;
		};
/* End PBXTargetDependency section */

/* Begin PBXVariantGroup section */
		5A6C26C119AE02AA0028BEA7 /* Main.storyboard */ = {
			isa = PBXVariantGroup;
			children = (
				5A6C26C219AE02AA0028BEA7 /* Base */,
			);
			name = Main.storyboard;
			sourceTree = "<group>";
		};
/* End PBXVariantGroup section */

/* Begin XCBuildConfiguration section */
		5A6C26D219AE02AA0028BEA7 /* Debug */ = {
			isa = XCBuildConfiguration;
			buildSettings = {
				ALWAYS_SEARCH_USER_PATHS = NO;
				CLANG_CXX_LANGUAGE_STANDARD = "gnu++0x";
				CLANG_CXX_LIBRARY = "libc++";
				CLANG_ENABLE_MODULES = YES;
				CLANG_ENABLE_OBJC_ARC = YES;
				CLANG_WARN_BOOL_CONVERSION = YES;
				CLANG_WARN_CONSTANT_CONVERSION = YES;
				CLANG_WARN_DIRECT_OBJC_ISA_USAGE = YES_ERROR;
				CLANG_WARN_EMPTY_BODY = YES;
				CLANG_WARN_ENUM_CONVERSION = YES;
				CLANG_WARN_INT_CONVERSION = YES;
				CLANG_WARN_OBJC_ROOT_CLASS = YES_ERROR;
				CLANG_WARN_UNREACHABLE_CODE = YES;
				CLANG_WARN__DUPLICATE_METHOD_MATCH = YES;
				"CODE_SIGN_IDENTITY[sdk=iphoneos*]" = "iPhone Developer";
				COPY_PHASE_STRIP = NO;
				ENABLE_STRICT_OBJC_MSGSEND = YES;
				GCC_C_LANGUAGE_STANDARD = gnu99;
				GCC_DYNAMIC_NO_PIC = NO;
				GCC_OPTIMIZATION_LEVEL = 0;
				GCC_PREPROCESSOR_DEFINITIONS = (
					"DEBUG=1",
					"$(inherited)",
				);
				GCC_SYMBOLS_PRIVATE_EXTERN = NO;
				GCC_WARN_64_TO_32_BIT_CONVERSION = YES;
				GCC_WARN_ABOUT_RETURN_TYPE = YES_ERROR;
				GCC_WARN_UNDECLARED_SELECTOR = YES;
				GCC_WARN_UNINITIALIZED_AUTOS = YES_AGGRESSIVE;
				GCC_WARN_UNUSED_FUNCTION = YES;
				GCC_WARN_UNUSED_VARIABLE = YES;
				IPHONEOS_DEPLOYMENT_TARGET = 8.0;
				MTL_ENABLE_DEBUG_INFO = YES;
				ONLY_ACTIVE_ARCH = YES;
				SDKROOT = iphoneos;
				SWIFT_OPTIMIZATION_LEVEL = "-Onone";
				TARGETED_DEVICE_FAMILY = "1,2";
			};
			name = Debug;
		};
		5A6C26D319AE02AA0028BEA7 /* Release */ = {
			isa = XCBuildConfiguration;
			buildSettings = {
				ALWAYS_SEARCH_USER_PATHS = NO;
				CLANG_CXX_LANGUAGE_STANDARD = "gnu++0x";
				CLANG_CXX_LIBRARY = "libc++";
				CLANG_ENABLE_MODULES = YES;
				CLANG_ENABLE_OBJC_ARC = YES;
				CLANG_WARN_BOOL_CONVERSION = YES;
				CLANG_WARN_CONSTANT_CONVERSION = YES;
				CLANG_WARN_DIRECT_OBJC_ISA_USAGE = YES_ERROR;
				CLANG_WARN_EMPTY_BODY = YES;
				CLANG_WARN_ENUM_CONVERSION = YES;
				CLANG_WARN_INT_CONVERSION = YES;
				CLANG_WARN_OBJC_ROOT_CLASS = YES_ERROR;
				CLANG_WARN_UNREACHABLE_CODE = YES;
				CLANG_WARN__DUPLICATE_METHOD_MATCH = YES;
				"CODE_SIGN_IDENTITY[sdk=iphoneos*]" = "iPhone Developer";
				COPY_PHASE_STRIP = YES;
				ENABLE_NS_ASSERTIONS = NO;
				ENABLE_STRICT_OBJC_MSGSEND = YES;
				GCC_C_LANGUAGE_STANDARD = gnu99;
				GCC_WARN_64_TO_32_BIT_CONVERSION = YES;
				GCC_WARN_ABOUT_RETURN_TYPE = YES_ERROR;
				GCC_WARN_UNDECLARED_SELECTOR = YES;
				GCC_WARN_UNINITIALIZED_AUTOS = YES_AGGRESSIVE;
				GCC_WARN_UNUSED_FUNCTION = YES;
				GCC_WARN_UNUSED_VARIABLE = YES;
				IPHONEOS_DEPLOYMENT_TARGET = 8.0;
				MTL_ENABLE_DEBUG_INFO = NO;
				SDKROOT = iphoneos;
				TARGETED_DEVICE_FAMILY = "1,2";
				VALIDATE_PRODUCT = YES;
			};
			name = Release;
		};
		5A6C26D519AE02AA0028BEA7 /* Debug */ = {
			isa = XCBuildConfiguration;
			buildSettings = {
				ASSETCATALOG_COMPILER_APPICON_NAME = AppIcon;
				ASSETCATALOG_COMPILER_LAUNCHIMAGE_NAME = LaunchImage;
				CODE_SIGN_ENTITLEMENTS = ColdHawaii/ColdHawaii.entitlements;
				CODE_SIGN_IDENTITY = "iPhone Developer";
				"CODE_SIGN_IDENTITY[sdk=iphoneos*]" = "iPhone Developer";
				INFOPLIST_FILE = ColdHawaii/Info.plist;
				LD_RUNPATH_SEARCH_PATHS = "$(inherited) @executable_path/Frameworks";
				PRODUCT_NAME = "$(TARGET_NAME)";
				PROVISIONING_PROFILE = "";
				TARGETED_DEVICE_FAMILY = 1;
			};
			name = Debug;
		};
		5A6C26D619AE02AA0028BEA7 /* Release */ = {
			isa = XCBuildConfiguration;
			buildSettings = {
				ASSETCATALOG_COMPILER_APPICON_NAME = AppIcon;
				ASSETCATALOG_COMPILER_LAUNCHIMAGE_NAME = LaunchImage;
				CODE_SIGN_ENTITLEMENTS = ColdHawaii/ColdHawaii.entitlements;
				CODE_SIGN_IDENTITY = "iPhone Developer";
				"CODE_SIGN_IDENTITY[sdk=iphoneos*]" = "iPhone Developer";
				INFOPLIST_FILE = ColdHawaii/Info.plist;
				LD_RUNPATH_SEARCH_PATHS = "$(inherited) @executable_path/Frameworks";
				PRODUCT_NAME = "$(TARGET_NAME)";
				PROVISIONING_PROFILE = "";
				TARGETED_DEVICE_FAMILY = 1;
			};
			name = Release;
		};
		5A6C26D819AE02AA0028BEA7 /* Debug */ = {
			isa = XCBuildConfiguration;
			buildSettings = {
				BUNDLE_LOADER = "$(TEST_HOST)";
				FRAMEWORK_SEARCH_PATHS = (
					"$(SDKROOT)/Developer/Library/Frameworks",
					"$(inherited)",
				);
				GCC_PREPROCESSOR_DEFINITIONS = (
					"DEBUG=1",
					"$(inherited)",
				);
				INFOPLIST_FILE = ColdHawaiiTests/Info.plist;
				LD_RUNPATH_SEARCH_PATHS = "$(inherited) @executable_path/Frameworks @loader_path/Frameworks";
				PRODUCT_NAME = "$(TARGET_NAME)";
				TEST_HOST = "$(BUILT_PRODUCTS_DIR)/ColdHawaii.app/ColdHawaii";
			};
			name = Debug;
		};
		5A6C26D919AE02AA0028BEA7 /* Release */ = {
			isa = XCBuildConfiguration;
			buildSettings = {
				BUNDLE_LOADER = "$(TEST_HOST)";
				FRAMEWORK_SEARCH_PATHS = (
					"$(SDKROOT)/Developer/Library/Frameworks",
					"$(inherited)",
				);
				INFOPLIST_FILE = ColdHawaiiTests/Info.plist;
				LD_RUNPATH_SEARCH_PATHS = "$(inherited) @executable_path/Frameworks @loader_path/Frameworks";
				PRODUCT_NAME = "$(TARGET_NAME)";
				TEST_HOST = "$(BUILT_PRODUCTS_DIR)/ColdHawaii.app/ColdHawaii";
			};
			name = Release;
		};
/* End XCBuildConfiguration section */

/* Begin XCConfigurationList section */
		5A6C26B019AE02AA0028BEA7 /* Build configuration list for PBXProject "ColdHawaii" */ = {
			isa = XCConfigurationList;
			buildConfigurations = (
				5A6C26D219AE02AA0028BEA7 /* Debug */,
				5A6C26D319AE02AA0028BEA7 /* Release */,
			);
			defaultConfigurationIsVisible = 0;
			defaultConfigurationName = Release;
		};
		5A6C26D419AE02AA0028BEA7 /* Build configuration list for PBXNativeTarget "ColdHawaii" */ = {
			isa = XCConfigurationList;
			buildConfigurations = (
				5A6C26D519AE02AA0028BEA7 /* Debug */,
				5A6C26D619AE02AA0028BEA7 /* Release */,
			);
			defaultConfigurationIsVisible = 0;
			defaultConfigurationName = Release;
		};
		5A6C26D719AE02AA0028BEA7 /* Build configuration list for PBXNativeTarget "ColdHawaiiTests" */ = {
			isa = XCConfigurationList;
			buildConfigurations = (
				5A6C26D819AE02AA0028BEA7 /* Debug */,
				5A6C26D919AE02AA0028BEA7 /* Release */,
			);
			defaultConfigurationIsVisible = 0;
			defaultConfigurationName = Release;
		};
/* End XCConfigurationList section */

/* Begin XCVersionGroup section */
		5A6C26BC19AE02AA0028BEA7 /* ColdHawaii.xcdatamodeld */ = {
			isa = XCVersionGroup;
			children = (
				5A6C26BD19AE02AA0028BEA7 /* ColdHawaii.xcdatamodel */,
			);
			currentVersion = 5A6C26BD19AE02AA0028BEA7 /* ColdHawaii.xcdatamodel */;
			path = ColdHawaii.xcdatamodeld;
			sourceTree = "<group>";
			versionGroupType = wrapper.xcdatamodel;
		};
/* End XCVersionGroup section */
	};
	rootObject = 5A6C26AD19AE02AA0028BEA7 /* Project object */;
}
